
Microsoft Visual Studio Solution File, Format Version 12.00
# Visual Studio Version 17
VisualStudioVersion = 17.2.32519.379
MinimumVisualStudioVersion = 10.0.40219.1
Project("{2150E333-8FDC-42A3-9474-1A3956D46DE8}") = "SolutionItems", "SolutionItems", "{27E75EBF-ED9E-4151-9606-AA837FB9BBAF}"
	ProjectSection(SolutionItems) = preProject
		Directory.Build.props = Directory.Build.props
		README.md = README.md
	EndProjectSection
EndProject
Project("{2150E333-8FDC-42A3-9474-1A3956D46DE8}") = "src", "src", "{F298540A-82E2-4421-9525-BBAC087AE77C}"
EndProject
Project("{2150E333-8FDC-42A3-9474-1A3956D46DE8}") = "tests", "tests", "{CD2527C5-D6B4-4E6E-A878-FFE273B47511}"
EndProject
Project("{2150E333-8FDC-42A3-9474-1A3956D46DE8}") = ".github", ".github", "{1E302571-E1B1-4F11-AEA4-D318FAE86286}"
EndProject
Project("{2150E333-8FDC-42A3-9474-1A3956D46DE8}") = "workflows", "workflows", "{AAE6C860-0438-4BA9-A259-608AB9ED9CB9}"
	ProjectSection(SolutionItems) = preProject
		.github\workflows\pushOrPullRequest.yml = .github\workflows\pushOrPullRequest.yml
		.github\workflows\release.yml = .github\workflows\release.yml
		.github\workflows\releasePrerelease.yml = .github\workflows\releasePrerelease.yml
	EndProjectSection
EndProject
Project("{9A19103F-16F7-4668-BE54-9A1E7A4F7556}") = "Telemetry", "src\Telemetry\Telemetry.csproj", "{61F89035-4CAA-447A-9BAA-6D8D81D26BCC}"
EndProject
Project("{2150E333-8FDC-42A3-9474-1A3956D46DE8}") = "example", "example", "{BC20F6E8-5565-4727-AB91-047CD8E6E9B8}"
EndProject
Project("{9A19103F-16F7-4668-BE54-9A1E7A4F7556}") = "TestApi", "example\TestApi\TestApi.csproj", "{F1A3F8B1-95BD-44B3-BEDF-657E7C4FB633}"
EndProject
Project("{9A19103F-16F7-4668-BE54-9A1E7A4F7556}") = "Telemetry.Serilog", "src\Telemetry.Serilog\Telemetry.Serilog.csproj", "{857DCA57-AA80-454A-99CA-197453C951E0}"
EndProject
Project("{9A19103F-16F7-4668-BE54-9A1E7A4F7556}") = "Telemetry.Logging", "src\Telemetry.Logging\Telemetry.Logging.csproj", "{4B72B8E0-F8DE-4988-8CAE-59B61F7B7B2E}"
EndProject
Project("{FAE04EC0-301F-11D3-BF4B-00C04F79EFBC}") = "Telemetry.OpenTelemetry", "src\Telemetry.OpenTelemetry\Telemetry.OpenTelemetry.csproj", "{58DC52B3-8C0E-4E42-9A6C-7DDB8B57F898}"
EndProject
Project("{FAE04EC0-301F-11D3-BF4B-00C04F79EFBC}") = "Telemetry.Abstraction", "src\Telemetry.Abstraction\Telemetry.Abstraction.csproj", "{643A1FF7-102A-4156-ABCD-5029A7DB8811}"
EndProject
Global
	GlobalSection(SolutionConfigurationPlatforms) = preSolution
		Debug|Any CPU = Debug|Any CPU
		Release|Any CPU = Release|Any CPU
	EndGlobalSection
	GlobalSection(ProjectConfigurationPlatforms) = postSolution
		{61F89035-4CAA-447A-9BAA-6D8D81D26BCC}.Debug|Any CPU.ActiveCfg = Debug|Any CPU
		{61F89035-4CAA-447A-9BAA-6D8D81D26BCC}.Debug|Any CPU.Build.0 = Debug|Any CPU
		{61F89035-4CAA-447A-9BAA-6D8D81D26BCC}.Release|Any CPU.ActiveCfg = Release|Any CPU
		{61F89035-4CAA-447A-9BAA-6D8D81D26BCC}.Release|Any CPU.Build.0 = Release|Any CPU
		{F1A3F8B1-95BD-44B3-BEDF-657E7C4FB633}.Debug|Any CPU.ActiveCfg = Debug|Any CPU
		{F1A3F8B1-95BD-44B3-BEDF-657E7C4FB633}.Debug|Any CPU.Build.0 = Debug|Any CPU
		{F1A3F8B1-95BD-44B3-BEDF-657E7C4FB633}.Release|Any CPU.ActiveCfg = Release|Any CPU
		{F1A3F8B1-95BD-44B3-BEDF-657E7C4FB633}.Release|Any CPU.Build.0 = Release|Any CPU
		{857DCA57-AA80-454A-99CA-197453C951E0}.Debug|Any CPU.ActiveCfg = Debug|Any CPU
		{857DCA57-AA80-454A-99CA-197453C951E0}.Debug|Any CPU.Build.0 = Debug|Any CPU
		{857DCA57-AA80-454A-99CA-197453C951E0}.Release|Any CPU.ActiveCfg = Release|Any CPU
		{857DCA57-AA80-454A-99CA-197453C951E0}.Release|Any CPU.Build.0 = Release|Any CPU
		{4B72B8E0-F8DE-4988-8CAE-59B61F7B7B2E}.Debug|Any CPU.ActiveCfg = Debug|Any CPU
		{4B72B8E0-F8DE-4988-8CAE-59B61F7B7B2E}.Debug|Any CPU.Build.0 = Debug|Any CPU
		{4B72B8E0-F8DE-4988-8CAE-59B61F7B7B2E}.Release|Any CPU.ActiveCfg = Release|Any CPU
		{4B72B8E0-F8DE-4988-8CAE-59B61F7B7B2E}.Release|Any CPU.Build.0 = Release|Any CPU
		{58DC52B3-8C0E-4E42-9A6C-7DDB8B57F898}.Debug|Any CPU.ActiveCfg = Debug|Any CPU
		{58DC52B3-8C0E-4E42-9A6C-7DDB8B57F898}.Debug|Any CPU.Build.0 = Debug|Any CPU
		{58DC52B3-8C0E-4E42-9A6C-7DDB8B57F898}.Release|Any CPU.ActiveCfg = Release|Any CPU
		{58DC52B3-8C0E-4E42-9A6C-7DDB8B57F898}.Release|Any CPU.Build.0 = Release|Any CPU
		{643A1FF7-102A-4156-ABCD-5029A7DB8811}.Debug|Any CPU.ActiveCfg = Debug|Any CPU
		{643A1FF7-102A-4156-ABCD-5029A7DB8811}.Debug|Any CPU.Build.0 = Debug|Any CPU
		{643A1FF7-102A-4156-ABCD-5029A7DB8811}.Release|Any CPU.ActiveCfg = Release|Any CPU
		{643A1FF7-102A-4156-ABCD-5029A7DB8811}.Release|Any CPU.Build.0 = Release|Any CPU
	EndGlobalSection
	GlobalSection(SolutionProperties) = preSolution
		HideSolutionNode = FALSE
	EndGlobalSection
	GlobalSection(NestedProjects) = preSolution
		{1E302571-E1B1-4F11-AEA4-D318FAE86286} = {27E75EBF-ED9E-4151-9606-AA837FB9BBAF}
		{AAE6C860-0438-4BA9-A259-608AB9ED9CB9} = {1E302571-E1B1-4F11-AEA4-D318FAE86286}
		{61F89035-4CAA-447A-9BAA-6D8D81D26BCC} = {F298540A-82E2-4421-9525-BBAC087AE77C}
		{F1A3F8B1-95BD-44B3-BEDF-657E7C4FB633} = {BC20F6E8-5565-4727-AB91-047CD8E6E9B8}
		{857DCA57-AA80-454A-99CA-197453C951E0} = {F298540A-82E2-4421-9525-BBAC087AE77C}
		{4B72B8E0-F8DE-4988-8CAE-59B61F7B7B2E} = {F298540A-82E2-4421-9525-BBAC087AE77C}
	EndGlobalSection
	GlobalSection(ExtensibilityGlobals) = postSolution
		SolutionGuid = {C5A3EF0C-96D2-472C-A367-AB34B065DC56}
	EndGlobalSection
EndGlobal
